
Microsoft Visual Studio Solution File, Format Version 12.00
# Visual Studio 15
Project("{FAE04EC0-301F-11D3-BF4B-00C04F79EFBC}") = "Unity.XR.Interaction.Toolkit.Samples.StarterAssets", "Unity.XR.Interaction.Toolkit.Samples.StarterAssets.csproj", "{CF9266D4-1C59-A9EF-39C9-7668749BF0CD}"
EndProject
Project("{FAE04EC0-301F-11D3-BF4B-00C04F79EFBC}") = "Unity.XR.Interaction.Toolkit.Samples.DeviceSimulator", "Unity.XR.Interaction.Toolkit.Samples.DeviceSimulator.csproj", "{A08212A3-EC3E-EF0C-F8B9-0E33E4B0FAC0}"
EndProject
Project("{FAE04EC0-301F-11D3-BF4B-00C04F79EFBC}") = "Unity.XR.Interaction.Toolkit.Samples.StarterAssets.Editor", "Unity.XR.Interaction.Toolkit.Samples.StarterAssets.Editor.csproj", "{04F892DB-6E22-083E-09C5-C677CABB9AD3}"
EndProject
Project("{FAE04EC0-301F-11D3-BF4B-00C04F79EFBC}") = "Assembly-CSharp", "Assembly-CSharp.csproj", "{BBE2634A-9B71-EC29-D429-46D3D96701FC}"
EndProject
Global
	GlobalSection(SolutionConfigurationPlatforms) = preSolution
		Debug|Any CPU = Debug|Any CPU
		Release|Any CPU = Release|Any CPU
	EndGlobalSection
	GlobalSection(ProjectConfigurationPlatforms) = postSolution
		{CF9266D4-1C59-A9EF-39C9-7668749BF0CD}.Debug|Any CPU.ActiveCfg = Debug|Any CPU
		{CF9266D4-1C59-A9EF-39C9-7668749BF0CD}.Debug|Any CPU.Build.0 = Debug|Any CPU
		{CF9266D4-1C59-A9EF-39C9-7668749BF0CD}.Release|Any CPU.ActiveCfg = Release|Any CPU
		{CF9266D4-1C59-A9EF-39C9-7668749BF0CD}.Release|Any CPU.Build.0 = Release|Any CPU
		{A08212A3-EC3E-EF0C-F8B9-0E33E4B0FAC0}.Debug|Any CPU.ActiveCfg = Debug|Any CPU
		{A08212A3-EC3E-EF0C-F8B9-0E33E4B0FAC0}.Debug|Any CPU.Build.0 = Debug|Any CPU
		{A08212A3-EC3E-EF0C-F8B9-0E33E4B0FAC0}.Release|Any CPU.ActiveCfg = Release|Any CPU
		{A08212A3-EC3E-EF0C-F8B9-0E33E4B0FAC0}.Release|Any CPU.Build.0 = Release|Any CPU
		{04F892DB-6E22-083E-09C5-C677CABB9AD3}.Debug|Any CPU.ActiveCfg = Debug|Any CPU
		{04F892DB-6E22-083E-09C5-C677CABB9AD3}.Debug|Any CPU.Build.0 = Debug|Any CPU
		{04F892DB-6E22-083E-09C5-C677CABB9AD3}.Release|Any CPU.ActiveCfg = Release|Any CPU
		{04F892DB-6E22-083E-09C5-C677CABB9AD3}.Release|Any CPU.Build.0 = Release|Any CPU
		{BBE2634A-9B71-EC29-D429-46D3D96701FC}.Debug|Any CPU.ActiveCfg = Debug|Any CPU
		{BBE2634A-9B71-EC29-D429-46D3D96701FC}.Debug|Any CPU.Build.0 = Debug|Any CPU
		{BBE2634A-9B71-EC29-D429-46D3D96701FC}.Release|Any CPU.ActiveCfg = Release|Any CPU
		{BBE2634A-9B71-EC29-D429-46D3D96701FC}.Release|Any CPU.Build.0 = Release|Any CPU
	EndGlobalSection
	GlobalSection(SolutionProperties) = preSolution
		HideSolutionNode = FALSE
	EndGlobalSection
EndGlobal
